
Microsoft Visual Studio Solution File, Format Version 12.00
# Visual Studio Version 17
VisualStudioVersion = 17.9.34723.18
MinimumVisualStudioVersion = 10.0.40219.1
Project("{FAE04EC0-301F-11D3-BF4B-00C04F79EFBC}") = "MoviesApi", "MoviesApi\MoviesApi.csproj", "{A67A5033-7E9F-4EEB-95A8-A87886D8F419}"
EndProject
Global
	GlobalSection(SolutionConfigurationPlatforms) = preSolution
		Debug|Any CPU = Debug|Any CPU
		Release|Any CPU = Release|Any CPU
	EndGlobalSection
	GlobalSection(ProjectConfigurationPlatforms) = postSolution
		{A67A5033-7E9F-4EEB-95A8-A87886D8F419}.Debug|Any CPU.ActiveCfg = Debug|Any CPU
		{A67A5033-7E9F-4EEB-95A8-A87886D8F419}.Debug|Any CPU.Build.0 = Debug|Any CPU
		{A67A5033-7E9F-4EEB-95A8-A87886D8F419}.Release|Any CPU.ActiveCfg = Release|Any CPU
		{A67A5033-7E9F-4EEB-95A8-A87886D8F419}.Release|Any CPU.Build.0 = Release|Any CPU
	EndGlobalSection
	GlobalSection(SolutionProperties) = preSolution
		HideSolutionNode = FALSE
	EndGlobalSection
	GlobalSection(ExtensibilityGlobals) = postSolution
		SolutionGuid = {5951D6A7-F22A-4CD6-AEA5-092FF491AF36}
	EndGlobalSection
EndGlobal
